
Microsoft Visual Studio Solution File, Format Version 12.00
# Visual Studio Version 17
VisualStudioVersion = 17.5.33627.172
MinimumVisualStudioVersion = 10.0.40219.1
Project("{FAE04EC0-301F-11D3-BF4B-00C04F79EFBC}") = "Palindrome", "ConsoleApp2\Palindrome.csproj", "{8ADB10F2-12D8-4BFA-84C8-ABEE104F3C78}"
EndProject
Project("{FAE04EC0-301F-11D3-BF4B-00C04F79EFBC}") = "Polindrome 2", "Polindrome 2\Polindrome 2.csproj", "{4193F44B-B3E3-4402-BC5E-8B3B1A5BBCCA}"
EndProject
Project("{FAE04EC0-301F-11D3-BF4B-00C04F79EFBC}") = "Anagram", "Polindrome3\Anagram.csproj", "{CB02C34B-42E9-4D43-AF56-CB1D9BA3B1CF}"
EndProject
Project("{FAE04EC0-301F-11D3-BF4B-00C04F79EFBC}") = "true.com", "true.com\true.com.csproj", "{60C54AB7-B166-4364-950F-4C4F25B77631}"
EndProject
Global
	GlobalSection(SolutionConfigurationPlatforms) = preSolution
		Debug|Any CPU = Debug|Any CPU
		Release|Any CPU = Release|Any CPU
	EndGlobalSection
	GlobalSection(ProjectConfigurationPlatforms) = postSolution
		{8ADB10F2-12D8-4BFA-84C8-ABEE104F3C78}.Debug|Any CPU.ActiveCfg = Debug|Any CPU
		{8ADB10F2-12D8-4BFA-84C8-ABEE104F3C78}.Debug|Any CPU.Build.0 = Debug|Any CPU
		{8ADB10F2-12D8-4BFA-84C8-ABEE104F3C78}.Release|Any CPU.ActiveCfg = Release|Any CPU
		{8ADB10F2-12D8-4BFA-84C8-ABEE104F3C78}.Release|Any CPU.Build.0 = Release|Any CPU
		{4193F44B-B3E3-4402-BC5E-8B3B1A5BBCCA}.Debug|Any CPU.ActiveCfg = Debug|Any CPU
		{4193F44B-B3E3-4402-BC5E-8B3B1A5BBCCA}.Debug|Any CPU.Build.0 = Debug|Any CPU
		{4193F44B-B3E3-4402-BC5E-8B3B1A5BBCCA}.Release|Any CPU.ActiveCfg = Release|Any CPU
		{4193F44B-B3E3-4402-BC5E-8B3B1A5BBCCA}.Release|Any CPU.Build.0 = Release|Any CPU
		{CB02C34B-42E9-4D43-AF56-CB1D9BA3B1CF}.Debug|Any CPU.ActiveCfg = Debug|Any CPU
		{CB02C34B-42E9-4D43-AF56-CB1D9BA3B1CF}.Debug|Any CPU.Build.0 = Debug|Any CPU
		{CB02C34B-42E9-4D43-AF56-CB1D9BA3B1CF}.Release|Any CPU.ActiveCfg = Release|Any CPU
		{CB02C34B-42E9-4D43-AF56-CB1D9BA3B1CF}.Release|Any CPU.Build.0 = Release|Any CPU
		{60C54AB7-B166-4364-950F-4C4F25B77631}.Debug|Any CPU.ActiveCfg = Debug|Any CPU
		{60C54AB7-B166-4364-950F-4C4F25B77631}.Debug|Any CPU.Build.0 = Debug|Any CPU
		{60C54AB7-B166-4364-950F-4C4F25B77631}.Release|Any CPU.ActiveCfg = Release|Any CPU
		{60C54AB7-B166-4364-950F-4C4F25B77631}.Release|Any CPU.Build.0 = Release|Any CPU
	EndGlobalSection
	GlobalSection(SolutionProperties) = preSolution
		HideSolutionNode = FALSE
	EndGlobalSection
	GlobalSection(ExtensibilityGlobals) = postSolution
		SolutionGuid = {C438A4EE-D21E-48F6-8188-80D280BFA16F}
	EndGlobalSection
EndGlobal
